
Microsoft Visual Studio Solution File, Format Version 12.00
# Visual Studio 14
VisualStudioVersion = 14.0.25420.1
MinimumVisualStudioVersion = 10.0.40219.1
Project("{2150E333-8FDC-42A3-9474-1A3956D46DE8}") = "src", "src", "{E322B0CA-32C9-4DD1-B3BB-993BE82251BC}"
EndProject
Project("{2150E333-8FDC-42A3-9474-1A3956D46DE8}") = "Solution Items", "Solution Items", "{C26C046F-0ACB-48CF-869A-B669F0D29057}"
	ProjectSection(SolutionItems) = preProject
		global.json = global.json
	EndProjectSection
EndProject
Project("{8BB2217D-0F2D-49D1-97BC-3654ED321F3B}") = "Microsoft.SqlPal.Home", "src\Microsoft.SqlPal.Home\Microsoft.SqlPal.Home.xproj", "{96E9424F-745C-4B4C-84A5-E6364194F6E1}"
EndProject
Global
	GlobalSection(SolutionConfigurationPlatforms) = preSolution
		Debug|Any CPU = Debug|Any CPU
		Release|Any CPU = Release|Any CPU
	EndGlobalSection
	GlobalSection(ProjectConfigurationPlatforms) = postSolution
		{96E9424F-745C-4B4C-84A5-E6364194F6E1}.Debug|Any CPU.ActiveCfg = Debug|Any CPU
		{96E9424F-745C-4B4C-84A5-E6364194F6E1}.Debug|Any CPU.Build.0 = Debug|Any CPU
		{96E9424F-745C-4B4C-84A5-E6364194F6E1}.Release|Any CPU.ActiveCfg = Release|Any CPU
		{96E9424F-745C-4B4C-84A5-E6364194F6E1}.Release|Any CPU.Build.0 = Release|Any CPU
	EndGlobalSection
	GlobalSection(SolutionProperties) = preSolution
		HideSolutionNode = FALSE
	EndGlobalSection
	GlobalSection(NestedProjects) = preSolution
		{96E9424F-745C-4B4C-84A5-E6364194F6E1} = {E322B0CA-32C9-4DD1-B3BB-993BE82251BC}
	EndGlobalSection
EndGlobal
